
Microsoft Visual Studio Solution File, Format Version 12.00
# Visual Studio Version 16
VisualStudioVersion = 16.0.31129.286
MinimumVisualStudioVersion = 10.0.40219.1
Project("{2150E333-8FDC-42A3-9474-1A3956D46DE8}") = "线性表", "线性表", "{07F361CB-7781-4450-BF91-6E3A22B4CDF2}"
EndProject
Project("{2150E333-8FDC-42A3-9474-1A3956D46DE8}") = "栈与队列", "栈与队列", "{D48455A1-F833-40AD-9231-CC6F8AA03394}"
EndProject
Project("{2150E333-8FDC-42A3-9474-1A3956D46DE8}") = "图", "图", "{202F3C40-4224-49EF-BA2B-0FAEF60014FA}"
EndProject
Project("{2150E333-8FDC-42A3-9474-1A3956D46DE8}") = "树和二叉树", "树和二叉树", "{2971A8FE-3B3C-4E14-86D4-5E2BB5AA192E}"
EndProject
Project("{2150E333-8FDC-42A3-9474-1A3956D46DE8}") = "串和数组", "串和数组", "{F651026B-A6D6-4026-8D00-5CABE5A8CE65}"
EndProject
Project("{2150E333-8FDC-42A3-9474-1A3956D46DE8}") = "查找", "查找", "{D01889CD-CC09-47A0-BF1F-1AEC3B419420}"
EndProject
Project("{2150E333-8FDC-42A3-9474-1A3956D46DE8}") = "排序", "排序", "{AE083B2B-9F07-46AD-82FD-B67A87A700EE}"
EndProject
Project("{FAE04EC0-301F-11D3-BF4B-00C04F79EFBC}") = "DataStructureCSharp.Test", "DataStructureCSharp.Test\DataStructureCSharp.Test.csproj", "{87B625D5-F8C1-484E-ABDB-B9CFF9F0E2F7}"
EndProject
Project("{FAE04EC0-301F-11D3-BF4B-00C04F79EFBC}") = "LinkedList", "线性表\LinkedList\LinkedList.csproj", "{C52DA835-DAC4-4462-B5F7-713E7AC66FD1}"
EndProject
Project("{FAE04EC0-301F-11D3-BF4B-00C04F79EFBC}") = "Graph", "图\Graph\Graph.csproj", "{F3AB0EFE-A745-4284-8662-E765AD76D370}"
EndProject
Project("{FAE04EC0-301F-11D3-BF4B-00C04F79EFBC}") = "StackAndQueue", "栈与队列\StackAndQueue\StackAndQueue.csproj", "{5725EE37-5632-477F-A2FE-C77F3CE1151C}"
EndProject
Project("{FAE04EC0-301F-11D3-BF4B-00C04F79EFBC}") = "Tree", "树和二叉树\Tree\Tree.csproj", "{AB964429-5D43-412F-96F9-8121C3D3030D}"
EndProject
Project("{FAE04EC0-301F-11D3-BF4B-00C04F79EFBC}") = "Search", "查找\Search\Search.csproj", "{E96CF5CD-930B-4203-9406-492116511825}"
EndProject
Project("{FAE04EC0-301F-11D3-BF4B-00C04F79EFBC}") = "Sort", "排序\Sort\Sort.csproj", "{8F8CE87B-4223-49D2-9DAC-52804FB9CCB4}"
EndProject
Project("{FAE04EC0-301F-11D3-BF4B-00C04F79EFBC}") = "StringAndArray", "串和数组\StringAndArray\StringAndArray.csproj", "{1CF59F0F-8D1C-43F6-A7B7-2B82007FC331}"
EndProject
Global
	GlobalSection(SolutionConfigurationPlatforms) = preSolution
		Debug|Any CPU = Debug|Any CPU
		Release|Any CPU = Release|Any CPU
	EndGlobalSection
	GlobalSection(ProjectConfigurationPlatforms) = postSolution
		{87B625D5-F8C1-484E-ABDB-B9CFF9F0E2F7}.Debug|Any CPU.ActiveCfg = Debug|Any CPU
		{87B625D5-F8C1-484E-ABDB-B9CFF9F0E2F7}.Debug|Any CPU.Build.0 = Debug|Any CPU
		{87B625D5-F8C1-484E-ABDB-B9CFF9F0E2F7}.Release|Any CPU.ActiveCfg = Release|Any CPU
		{87B625D5-F8C1-484E-ABDB-B9CFF9F0E2F7}.Release|Any CPU.Build.0 = Release|Any CPU
		{C52DA835-DAC4-4462-B5F7-713E7AC66FD1}.Debug|Any CPU.ActiveCfg = Debug|Any CPU
		{C52DA835-DAC4-4462-B5F7-713E7AC66FD1}.Debug|Any CPU.Build.0 = Debug|Any CPU
		{C52DA835-DAC4-4462-B5F7-713E7AC66FD1}.Release|Any CPU.ActiveCfg = Release|Any CPU
		{C52DA835-DAC4-4462-B5F7-713E7AC66FD1}.Release|Any CPU.Build.0 = Release|Any CPU
		{F3AB0EFE-A745-4284-8662-E765AD76D370}.Debug|Any CPU.ActiveCfg = Debug|Any CPU
		{F3AB0EFE-A745-4284-8662-E765AD76D370}.Debug|Any CPU.Build.0 = Debug|Any CPU
		{F3AB0EFE-A745-4284-8662-E765AD76D370}.Release|Any CPU.ActiveCfg = Release|Any CPU
		{F3AB0EFE-A745-4284-8662-E765AD76D370}.Release|Any CPU.Build.0 = Release|Any CPU
		{5725EE37-5632-477F-A2FE-C77F3CE1151C}.Debug|Any CPU.ActiveCfg = Debug|Any CPU
		{5725EE37-5632-477F-A2FE-C77F3CE1151C}.Debug|Any CPU.Build.0 = Debug|Any CPU
		{5725EE37-5632-477F-A2FE-C77F3CE1151C}.Release|Any CPU.ActiveCfg = Release|Any CPU
		{5725EE37-5632-477F-A2FE-C77F3CE1151C}.Release|Any CPU.Build.0 = Release|Any CPU
		{AB964429-5D43-412F-96F9-8121C3D3030D}.Debug|Any CPU.ActiveCfg = Debug|Any CPU
		{AB964429-5D43-412F-96F9-8121C3D3030D}.Debug|Any CPU.Build.0 = Debug|Any CPU
		{AB964429-5D43-412F-96F9-8121C3D3030D}.Release|Any CPU.ActiveCfg = Release|Any CPU
		{AB964429-5D43-412F-96F9-8121C3D3030D}.Release|Any CPU.Build.0 = Release|Any CPU
		{E96CF5CD-930B-4203-9406-492116511825}.Debug|Any CPU.ActiveCfg = Debug|Any CPU
		{E96CF5CD-930B-4203-9406-492116511825}.Debug|Any CPU.Build.0 = Debug|Any CPU
		{E96CF5CD-930B-4203-9406-492116511825}.Release|Any CPU.ActiveCfg = Release|Any CPU
		{E96CF5CD-930B-4203-9406-492116511825}.Release|Any CPU.Build.0 = Release|Any CPU
		{8F8CE87B-4223-49D2-9DAC-52804FB9CCB4}.Debug|Any CPU.ActiveCfg = Debug|Any CPU
		{8F8CE87B-4223-49D2-9DAC-52804FB9CCB4}.Debug|Any CPU.Build.0 = Debug|Any CPU
		{8F8CE87B-4223-49D2-9DAC-52804FB9CCB4}.Release|Any CPU.ActiveCfg = Release|Any CPU
		{8F8CE87B-4223-49D2-9DAC-52804FB9CCB4}.Release|Any CPU.Build.0 = Release|Any CPU
		{1CF59F0F-8D1C-43F6-A7B7-2B82007FC331}.Debug|Any CPU.ActiveCfg = Debug|Any CPU
		{1CF59F0F-8D1C-43F6-A7B7-2B82007FC331}.Debug|Any CPU.Build.0 = Debug|Any CPU
		{1CF59F0F-8D1C-43F6-A7B7-2B82007FC331}.Release|Any CPU.ActiveCfg = Release|Any CPU
		{1CF59F0F-8D1C-43F6-A7B7-2B82007FC331}.Release|Any CPU.Build.0 = Release|Any CPU
	EndGlobalSection
	GlobalSection(SolutionProperties) = preSolution
		HideSolutionNode = FALSE
	EndGlobalSection
	GlobalSection(NestedProjects) = preSolution
		{C52DA835-DAC4-4462-B5F7-713E7AC66FD1} = {07F361CB-7781-4450-BF91-6E3A22B4CDF2}
		{F3AB0EFE-A745-4284-8662-E765AD76D370} = {202F3C40-4224-49EF-BA2B-0FAEF60014FA}
		{5725EE37-5632-477F-A2FE-C77F3CE1151C} = {D48455A1-F833-40AD-9231-CC6F8AA03394}
		{AB964429-5D43-412F-96F9-8121C3D3030D} = {2971A8FE-3B3C-4E14-86D4-5E2BB5AA192E}
		{E96CF5CD-930B-4203-9406-492116511825} = {D01889CD-CC09-47A0-BF1F-1AEC3B419420}
		{8F8CE87B-4223-49D2-9DAC-52804FB9CCB4} = {AE083B2B-9F07-46AD-82FD-B67A87A700EE}
		{1CF59F0F-8D1C-43F6-A7B7-2B82007FC331} = {F651026B-A6D6-4026-8D00-5CABE5A8CE65}
	EndGlobalSection
	GlobalSection(ExtensibilityGlobals) = postSolution
		SolutionGuid = {8D9BCB44-F3B7-465D-B8E5-03177AD03250}
	EndGlobalSection
EndGlobal
